
Microsoft Visual Studio Solution File, Format Version 12.00
# Visual Studio Version 17
VisualStudioVersion = 17.14.36518.9
MinimumVisualStudioVersion = 10.0.40219.1
Project("{FAE04EC0-301F-11D3-BF4B-00C04F79EFBC}") = "Controladora", "..\ControladoraCategoria\Controladora.csproj", "{78C9DECC-0087-4976-B7C3-936756A11501}"
EndProject
Project("{FAE04EC0-301F-11D3-BF4B-00C04F79EFBC}") = "Entidades", "..\Entidades\Entidades.csproj", "{3F5900B9-1D87-4EF3-991A-E0912E5F0A21}"
EndProject
Project("{FAE04EC0-301F-11D3-BF4B-00C04F79EFBC}") = "Modelo", "..\Modelo\Modelo.csproj", "{1D8DBFAF-A27B-485D-8BF0-27D40E56EF3D}"
EndProject
Project("{FAE04EC0-301F-11D3-BF4B-00C04F79EFBC}") = "Vista", "..\Vista\Vista.csproj", "{38889559-31AA-4C0F-84CB-093B364AFC0F}"
EndProject
Global
	GlobalSection(SolutionConfigurationPlatforms) = preSolution
		Debug|Any CPU = Debug|Any CPU
		Release|Any CPU = Release|Any CPU
	EndGlobalSection
	GlobalSection(ProjectConfigurationPlatforms) = postSolution
		{78C9DECC-0087-4976-B7C3-936756A11501}.Debug|Any CPU.ActiveCfg = Debug|Any CPU
		{78C9DECC-0087-4976-B7C3-936756A11501}.Debug|Any CPU.Build.0 = Debug|Any CPU
		{78C9DECC-0087-4976-B7C3-936756A11501}.Release|Any CPU.ActiveCfg = Release|Any CPU
		{78C9DECC-0087-4976-B7C3-936756A11501}.Release|Any CPU.Build.0 = Release|Any CPU
		{3F5900B9-1D87-4EF3-991A-E0912E5F0A21}.Debug|Any CPU.ActiveCfg = Debug|Any CPU
		{3F5900B9-1D87-4EF3-991A-E0912E5F0A21}.Debug|Any CPU.Build.0 = Debug|Any CPU
		{3F5900B9-1D87-4EF3-991A-E0912E5F0A21}.Release|Any CPU.ActiveCfg = Release|Any CPU
		{3F5900B9-1D87-4EF3-991A-E0912E5F0A21}.Release|Any CPU.Build.0 = Release|Any CPU
		{1D8DBFAF-A27B-485D-8BF0-27D40E56EF3D}.Debug|Any CPU.ActiveCfg = Debug|Any CPU
		{1D8DBFAF-A27B-485D-8BF0-27D40E56EF3D}.Debug|Any CPU.Build.0 = Debug|Any CPU
		{1D8DBFAF-A27B-485D-8BF0-27D40E56EF3D}.Release|Any CPU.ActiveCfg = Release|Any CPU
		{1D8DBFAF-A27B-485D-8BF0-27D40E56EF3D}.Release|Any CPU.Build.0 = Release|Any CPU
		{38889559-31AA-4C0F-84CB-093B364AFC0F}.Debug|Any CPU.ActiveCfg = Debug|Any CPU
		{38889559-31AA-4C0F-84CB-093B364AFC0F}.Debug|Any CPU.Build.0 = Debug|Any CPU
		{38889559-31AA-4C0F-84CB-093B364AFC0F}.Release|Any CPU.ActiveCfg = Release|Any CPU
		{38889559-31AA-4C0F-84CB-093B364AFC0F}.Release|Any CPU.Build.0 = Release|Any CPU
	EndGlobalSection
	GlobalSection(SolutionProperties) = preSolution
		HideSolutionNode = FALSE
	EndGlobalSection
	GlobalSection(ExtensibilityGlobals) = postSolution
		SolutionGuid = {C5AF1BEA-D5BE-4413-AE12-0EDAEF509519}
	EndGlobalSection
EndGlobal
