
Microsoft Visual Studio Solution File, Format Version 12.00
# Visual Studio Version 17
VisualStudioVersion = 17.14.36518.9
MinimumVisualStudioVersion = 10.0.40219.1
Project("{FAE04EC0-301F-11D3-BF4B-00C04F79EFBC}") = "ControladoraCategoria", "..\ControladoraCategoria\ControladoraCategoria.csproj", "{78C9DECC-0087-4976-B7C3-936756A11501}"
EndProject
Project("{FAE04EC0-301F-11D3-BF4B-00C04F79EFBC}") = "ControladoraCliente", "..\ControladoraCliente\ControladoraCliente.csproj", "{3B49B7DF-E387-4EF5-AE0E-E89829416724}"
EndProject
Project("{FAE04EC0-301F-11D3-BF4B-00C04F79EFBC}") = "ControladoraDescuento", "..\ControladoraDescuento\ControladoraDescuento.csproj", "{22E7C9DE-58B1-4ED0-BB2C-8D1794D75476}"
EndProject
Project("{FAE04EC0-301F-11D3-BF4B-00C04F79EFBC}") = "ControladoraFactura", "..\ControladoraFactura\ControladoraFactura.csproj", "{C8874104-3F26-499B-BE76-96187BF5912B}"
EndProject
Project("{FAE04EC0-301F-11D3-BF4B-00C04F79EFBC}") = "ControladoraMetodoPago", "..\ControladoraMetodoPago\ControladoraMetodoPago.csproj", "{D28D1521-BEDB-4825-A445-E02AC7A9054A}"
EndProject
Project("{FAE04EC0-301F-11D3-BF4B-00C04F79EFBC}") = "ControladoraProducto", "..\ControladoraProducto\ControladoraProducto.csproj", "{55BC4A5B-FF4A-488D-B105-6A2CB2D0BE30}"
EndProject
Project("{FAE04EC0-301F-11D3-BF4B-00C04F79EFBC}") = "ControladoraVenta", "..\ControladoraVenta\ControladoraVenta.csproj", "{9B4253C9-A779-4622-9C9E-E3F176C9F2C3}"
EndProject
Project("{FAE04EC0-301F-11D3-BF4B-00C04F79EFBC}") = "Entidades", "..\Entidades\Entidades.csproj", "{3F5900B9-1D87-4EF3-991A-E0912E5F0A21}"
EndProject
Project("{FAE04EC0-301F-11D3-BF4B-00C04F79EFBC}") = "Modelo", "..\Modelo\Modelo.csproj", "{1D8DBFAF-A27B-485D-8BF0-27D40E56EF3D}"
EndProject
Project("{FAE04EC0-301F-11D3-BF4B-00C04F79EFBC}") = "Vista", "..\Vista\Vista.csproj", "{38889559-31AA-4C0F-84CB-093B364AFC0F}"
EndProject
Global
	GlobalSection(SolutionConfigurationPlatforms) = preSolution
		Debug|Any CPU = Debug|Any CPU
		Release|Any CPU = Release|Any CPU
	EndGlobalSection
	GlobalSection(ProjectConfigurationPlatforms) = postSolution
		{78C9DECC-0087-4976-B7C3-936756A11501}.Debug|Any CPU.ActiveCfg = Debug|Any CPU
		{78C9DECC-0087-4976-B7C3-936756A11501}.Debug|Any CPU.Build.0 = Debug|Any CPU
		{78C9DECC-0087-4976-B7C3-936756A11501}.Release|Any CPU.ActiveCfg = Release|Any CPU
		{78C9DECC-0087-4976-B7C3-936756A11501}.Release|Any CPU.Build.0 = Release|Any CPU
		{3B49B7DF-E387-4EF5-AE0E-E89829416724}.Debug|Any CPU.ActiveCfg = Debug|Any CPU
		{3B49B7DF-E387-4EF5-AE0E-E89829416724}.Debug|Any CPU.Build.0 = Debug|Any CPU
		{3B49B7DF-E387-4EF5-AE0E-E89829416724}.Release|Any CPU.ActiveCfg = Release|Any CPU
		{3B49B7DF-E387-4EF5-AE0E-E89829416724}.Release|Any CPU.Build.0 = Release|Any CPU
		{22E7C9DE-58B1-4ED0-BB2C-8D1794D75476}.Debug|Any CPU.ActiveCfg = Debug|Any CPU
		{22E7C9DE-58B1-4ED0-BB2C-8D1794D75476}.Debug|Any CPU.Build.0 = Debug|Any CPU
		{22E7C9DE-58B1-4ED0-BB2C-8D1794D75476}.Release|Any CPU.ActiveCfg = Release|Any CPU
		{22E7C9DE-58B1-4ED0-BB2C-8D1794D75476}.Release|Any CPU.Build.0 = Release|Any CPU
		{C8874104-3F26-499B-BE76-96187BF5912B}.Debug|Any CPU.ActiveCfg = Debug|Any CPU
		{C8874104-3F26-499B-BE76-96187BF5912B}.Debug|Any CPU.Build.0 = Debug|Any CPU
		{C8874104-3F26-499B-BE76-96187BF5912B}.Release|Any CPU.ActiveCfg = Release|Any CPU
		{C8874104-3F26-499B-BE76-96187BF5912B}.Release|Any CPU.Build.0 = Release|Any CPU
		{D28D1521-BEDB-4825-A445-E02AC7A9054A}.Debug|Any CPU.ActiveCfg = Debug|Any CPU
		{D28D1521-BEDB-4825-A445-E02AC7A9054A}.Debug|Any CPU.Build.0 = Debug|Any CPU
		{D28D1521-BEDB-4825-A445-E02AC7A9054A}.Release|Any CPU.ActiveCfg = Release|Any CPU
		{D28D1521-BEDB-4825-A445-E02AC7A9054A}.Release|Any CPU.Build.0 = Release|Any CPU
		{55BC4A5B-FF4A-488D-B105-6A2CB2D0BE30}.Debug|Any CPU.ActiveCfg = Debug|Any CPU
		{55BC4A5B-FF4A-488D-B105-6A2CB2D0BE30}.Debug|Any CPU.Build.0 = Debug|Any CPU
		{55BC4A5B-FF4A-488D-B105-6A2CB2D0BE30}.Release|Any CPU.ActiveCfg = Release|Any CPU
		{55BC4A5B-FF4A-488D-B105-6A2CB2D0BE30}.Release|Any CPU.Build.0 = Release|Any CPU
		{9B4253C9-A779-4622-9C9E-E3F176C9F2C3}.Debug|Any CPU.ActiveCfg = Debug|Any CPU
		{9B4253C9-A779-4622-9C9E-E3F176C9F2C3}.Debug|Any CPU.Build.0 = Debug|Any CPU
		{9B4253C9-A779-4622-9C9E-E3F176C9F2C3}.Release|Any CPU.ActiveCfg = Release|Any CPU
		{9B4253C9-A779-4622-9C9E-E3F176C9F2C3}.Release|Any CPU.Build.0 = Release|Any CPU
		{3F5900B9-1D87-4EF3-991A-E0912E5F0A21}.Debug|Any CPU.ActiveCfg = Debug|Any CPU
		{3F5900B9-1D87-4EF3-991A-E0912E5F0A21}.Debug|Any CPU.Build.0 = Debug|Any CPU
		{3F5900B9-1D87-4EF3-991A-E0912E5F0A21}.Release|Any CPU.ActiveCfg = Release|Any CPU
		{3F5900B9-1D87-4EF3-991A-E0912E5F0A21}.Release|Any CPU.Build.0 = Release|Any CPU
		{1D8DBFAF-A27B-485D-8BF0-27D40E56EF3D}.Debug|Any CPU.ActiveCfg = Debug|Any CPU
		{1D8DBFAF-A27B-485D-8BF0-27D40E56EF3D}.Debug|Any CPU.Build.0 = Debug|Any CPU
		{1D8DBFAF-A27B-485D-8BF0-27D40E56EF3D}.Release|Any CPU.ActiveCfg = Release|Any CPU
		{1D8DBFAF-A27B-485D-8BF0-27D40E56EF3D}.Release|Any CPU.Build.0 = Release|Any CPU
		{38889559-31AA-4C0F-84CB-093B364AFC0F}.Debug|Any CPU.ActiveCfg = Debug|Any CPU
		{38889559-31AA-4C0F-84CB-093B364AFC0F}.Debug|Any CPU.Build.0 = Debug|Any CPU
		{38889559-31AA-4C0F-84CB-093B364AFC0F}.Release|Any CPU.ActiveCfg = Release|Any CPU
		{38889559-31AA-4C0F-84CB-093B364AFC0F}.Release|Any CPU.Build.0 = Release|Any CPU
	EndGlobalSection
	GlobalSection(SolutionProperties) = preSolution
		HideSolutionNode = FALSE
	EndGlobalSection
	GlobalSection(ExtensibilityGlobals) = postSolution
		SolutionGuid = {C5AF1BEA-D5BE-4413-AE12-0EDAEF509519}
	EndGlobalSection
EndGlobal
